
Microsoft Visual Studio Solution File, Format Version 12.00
# Visual Studio 2013
VisualStudioVersion = 12.0.31101.0
MinimumVisualStudioVersion = 10.0.40219.1
Project("{FAE04EC0-301F-11D3-BF4B-00C04F79EFBC}") = "Reddit252", "Reddit252.csproj", "{820FFC81-60C8-4FAC-A5D5-FF2B4BE9239F}"
EndProject
Project("{FAE04EC0-301F-11D3-BF4B-00C04F79EFBC}") = "Reddit252.UnitTest", "..\Reddit252.UnitTest\Reddit252.UnitTest.csproj", "{A4D46ED9-244E-467A-85BB-A6CFE50A5ABF}"
EndProject
Project("{FAE04EC0-301F-11D3-BF4B-00C04F79EFBC}") = "ConsoleApp", "ConsoleApp\ConsoleApp.csproj", "{7732D8E2-1951-495E-900E-309835EF9296}"
EndProject
Global
	GlobalSection(SolutionConfigurationPlatforms) = preSolution
		Debug|Any CPU = Debug|Any CPU
		Release|Any CPU = Release|Any CPU
	EndGlobalSection
	GlobalSection(ProjectConfigurationPlatforms) = postSolution
		{820FFC81-60C8-4FAC-A5D5-FF2B4BE9239F}.Debug|Any CPU.ActiveCfg = Debug|Any CPU
		{820FFC81-60C8-4FAC-A5D5-FF2B4BE9239F}.Debug|Any CPU.Build.0 = Debug|Any CPU
		{820FFC81-60C8-4FAC-A5D5-FF2B4BE9239F}.Release|Any CPU.ActiveCfg = Release|Any CPU
		{820FFC81-60C8-4FAC-A5D5-FF2B4BE9239F}.Release|Any CPU.Build.0 = Release|Any CPU
		{A4D46ED9-244E-467A-85BB-A6CFE50A5ABF}.Debug|Any CPU.ActiveCfg = Debug|Any CPU
		{A4D46ED9-244E-467A-85BB-A6CFE50A5ABF}.Debug|Any CPU.Build.0 = Debug|Any CPU
		{A4D46ED9-244E-467A-85BB-A6CFE50A5ABF}.Release|Any CPU.ActiveCfg = Release|Any CPU
		{A4D46ED9-244E-467A-85BB-A6CFE50A5ABF}.Release|Any CPU.Build.0 = Release|Any CPU
		{7732D8E2-1951-495E-900E-309835EF9296}.Debug|Any CPU.ActiveCfg = Debug|Any CPU
		{7732D8E2-1951-495E-900E-309835EF9296}.Debug|Any CPU.Build.0 = Debug|Any CPU
		{7732D8E2-1951-495E-900E-309835EF9296}.Release|Any CPU.ActiveCfg = Release|Any CPU
		{7732D8E2-1951-495E-900E-309835EF9296}.Release|Any CPU.Build.0 = Release|Any CPU
	EndGlobalSection
	GlobalSection(SolutionProperties) = preSolution
		HideSolutionNode = FALSE
	EndGlobalSection
EndGlobal
