
Microsoft Visual Studio Solution File, Format Version 12.00
# Visual Studio 2013
VisualStudioVersion = 12.0.31101.0
MinimumVisualStudioVersion = 10.0.40219.1
Project("{FAE04EC0-301F-11D3-BF4B-00C04F79EFBC}") = "Reddit250", "Reddit250.csproj", "{BB31BCAF-B2BE-4F15-A0B1-53EDA19C2109}"
EndProject
Project("{FAE04EC0-301F-11D3-BF4B-00C04F79EFBC}") = "Reddit250.UnitTest", "..\Reddit250.UnitTest\Reddit250.UnitTest.csproj", "{98C2AB0C-DE28-4C84-A468-67BF7FC0058C}"
EndProject
Project("{FAE04EC0-301F-11D3-BF4B-00C04F79EFBC}") = "ConsoleApp", "ConsoleApp\ConsoleApp.csproj", "{C4C79BED-BC91-4CA5-8E1A-4D8D14350917}"
EndProject
Global
	GlobalSection(SolutionConfigurationPlatforms) = preSolution
		Debug|Any CPU = Debug|Any CPU
		Release|Any CPU = Release|Any CPU
	EndGlobalSection
	GlobalSection(ProjectConfigurationPlatforms) = postSolution
		{BB31BCAF-B2BE-4F15-A0B1-53EDA19C2109}.Debug|Any CPU.ActiveCfg = Debug|Any CPU
		{BB31BCAF-B2BE-4F15-A0B1-53EDA19C2109}.Debug|Any CPU.Build.0 = Debug|Any CPU
		{BB31BCAF-B2BE-4F15-A0B1-53EDA19C2109}.Release|Any CPU.ActiveCfg = Release|Any CPU
		{BB31BCAF-B2BE-4F15-A0B1-53EDA19C2109}.Release|Any CPU.Build.0 = Release|Any CPU
		{98C2AB0C-DE28-4C84-A468-67BF7FC0058C}.Debug|Any CPU.ActiveCfg = Debug|Any CPU
		{98C2AB0C-DE28-4C84-A468-67BF7FC0058C}.Debug|Any CPU.Build.0 = Debug|Any CPU
		{98C2AB0C-DE28-4C84-A468-67BF7FC0058C}.Release|Any CPU.ActiveCfg = Release|Any CPU
		{98C2AB0C-DE28-4C84-A468-67BF7FC0058C}.Release|Any CPU.Build.0 = Release|Any CPU
		{C4C79BED-BC91-4CA5-8E1A-4D8D14350917}.Debug|Any CPU.ActiveCfg = Debug|Any CPU
		{C4C79BED-BC91-4CA5-8E1A-4D8D14350917}.Debug|Any CPU.Build.0 = Debug|Any CPU
		{C4C79BED-BC91-4CA5-8E1A-4D8D14350917}.Release|Any CPU.ActiveCfg = Release|Any CPU
		{C4C79BED-BC91-4CA5-8E1A-4D8D14350917}.Release|Any CPU.Build.0 = Release|Any CPU
	EndGlobalSection
	GlobalSection(SolutionProperties) = preSolution
		HideSolutionNode = FALSE
	EndGlobalSection
EndGlobal
